
Microsoft Visual Studio Solution File, Format Version 12.00
# Visual Studio 15
VisualStudioVersion = 15.0.27703.2047
MinimumVisualStudioVersion = 10.0.40219.1
Project("{FAE04EC0-301F-11D3-BF4B-00C04F79EFBC}") = "3.2 While", "3.2 While\3.2 While.csproj", "{2A0D55C5-02D6-491F-B94B-45502C9D89D7}"
EndProject
Global
	GlobalSection(SolutionConfigurationPlatforms) = preSolution
		Debug|Any CPU = Debug|Any CPU
		Release|Any CPU = Release|Any CPU
	EndGlobalSection
	GlobalSection(ProjectConfigurationPlatforms) = postSolution
		{2A0D55C5-02D6-491F-B94B-45502C9D89D7}.Debug|Any CPU.ActiveCfg = Debug|Any CPU
		{2A0D55C5-02D6-491F-B94B-45502C9D89D7}.Debug|Any CPU.Build.0 = Debug|Any CPU
		{2A0D55C5-02D6-491F-B94B-45502C9D89D7}.Release|Any CPU.ActiveCfg = Release|Any CPU
		{2A0D55C5-02D6-491F-B94B-45502C9D89D7}.Release|Any CPU.Build.0 = Release|Any CPU
	EndGlobalSection
	GlobalSection(SolutionProperties) = preSolution
		HideSolutionNode = FALSE
	EndGlobalSection
	GlobalSection(ExtensibilityGlobals) = postSolution
		SolutionGuid = {0E5864D2-C362-4715-9336-D1ACFA536087}
	EndGlobalSection
EndGlobal
