
Microsoft Visual Studio Solution File, Format Version 12.00
# Visual Studio 15
VisualStudioVersion = 15.0.27703.2047
MinimumVisualStudioVersion = 10.0.40219.1
Project("{FAE04EC0-301F-11D3-BF4B-00C04F79EFBC}") = "checkPoint1.2", "checkPoint1.2\checkPoint1.2.csproj", "{6B1DAE22-C8D0-4E9B-B242-1EC7148D4216}"
EndProject
Global
	GlobalSection(SolutionConfigurationPlatforms) = preSolution
		Debug|Any CPU = Debug|Any CPU
		Release|Any CPU = Release|Any CPU
	EndGlobalSection
	GlobalSection(ProjectConfigurationPlatforms) = postSolution
		{6B1DAE22-C8D0-4E9B-B242-1EC7148D4216}.Debug|Any CPU.ActiveCfg = Debug|Any CPU
		{6B1DAE22-C8D0-4E9B-B242-1EC7148D4216}.Debug|Any CPU.Build.0 = Debug|Any CPU
		{6B1DAE22-C8D0-4E9B-B242-1EC7148D4216}.Release|Any CPU.ActiveCfg = Release|Any CPU
		{6B1DAE22-C8D0-4E9B-B242-1EC7148D4216}.Release|Any CPU.Build.0 = Release|Any CPU
	EndGlobalSection
	GlobalSection(SolutionProperties) = preSolution
		HideSolutionNode = FALSE
	EndGlobalSection
	GlobalSection(ExtensibilityGlobals) = postSolution
		SolutionGuid = {050CD67C-9D61-43DD-A70E-45C7FE4870F5}
	EndGlobalSection
EndGlobal
