
Microsoft Visual Studio Solution File, Format Version 12.00
# Visual Studio 15
VisualStudioVersion = 15.0.27703.2047
MinimumVisualStudioVersion = 10.0.40219.1
Project("{FAE04EC0-301F-11D3-BF4B-00C04F79EFBC}") = "4.4 More options", "4.4 More options\4.4 More options.csproj", "{BF65893A-92ED-46F3-8D99-F71CB4E7E71B}"
EndProject
Global
	GlobalSection(SolutionConfigurationPlatforms) = preSolution
		Debug|Any CPU = Debug|Any CPU
		Release|Any CPU = Release|Any CPU
	EndGlobalSection
	GlobalSection(ProjectConfigurationPlatforms) = postSolution
		{BF65893A-92ED-46F3-8D99-F71CB4E7E71B}.Debug|Any CPU.ActiveCfg = Debug|Any CPU
		{BF65893A-92ED-46F3-8D99-F71CB4E7E71B}.Debug|Any CPU.Build.0 = Debug|Any CPU
		{BF65893A-92ED-46F3-8D99-F71CB4E7E71B}.Release|Any CPU.ActiveCfg = Release|Any CPU
		{BF65893A-92ED-46F3-8D99-F71CB4E7E71B}.Release|Any CPU.Build.0 = Release|Any CPU
	EndGlobalSection
	GlobalSection(SolutionProperties) = preSolution
		HideSolutionNode = FALSE
	EndGlobalSection
	GlobalSection(ExtensibilityGlobals) = postSolution
		SolutionGuid = {BF7ED959-BC32-481A-884D-EF186F7EA06F}
	EndGlobalSection
EndGlobal
