
Microsoft Visual Studio Solution File, Format Version 12.00
# Visual Studio 15
VisualStudioVersion = 15.0.27703.2047
MinimumVisualStudioVersion = 10.0.40219.1
Project("{FAE04EC0-301F-11D3-BF4B-00C04F79EFBC}") = "ConsoleApp1", "ConsoleApp1\ConsoleApp1.csproj", "{34C624E4-2A37-40D3-88B7-BE6B5C3560D5}"
EndProject
Global
	GlobalSection(SolutionConfigurationPlatforms) = preSolution
		Debug|Any CPU = Debug|Any CPU
		Release|Any CPU = Release|Any CPU
	EndGlobalSection
	GlobalSection(ProjectConfigurationPlatforms) = postSolution
		{34C624E4-2A37-40D3-88B7-BE6B5C3560D5}.Debug|Any CPU.ActiveCfg = Debug|Any CPU
		{34C624E4-2A37-40D3-88B7-BE6B5C3560D5}.Debug|Any CPU.Build.0 = Debug|Any CPU
		{34C624E4-2A37-40D3-88B7-BE6B5C3560D5}.Release|Any CPU.ActiveCfg = Release|Any CPU
		{34C624E4-2A37-40D3-88B7-BE6B5C3560D5}.Release|Any CPU.Build.0 = Release|Any CPU
	EndGlobalSection
	GlobalSection(SolutionProperties) = preSolution
		HideSolutionNode = FALSE
	EndGlobalSection
	GlobalSection(ExtensibilityGlobals) = postSolution
		SolutionGuid = {B7692394-77F5-4292-87A8-DDF9F53CDE56}
	EndGlobalSection
EndGlobal
