
Microsoft Visual Studio Solution File, Format Version 12.00
# Visual Studio 15
VisualStudioVersion = 15.0.27703.2047
MinimumVisualStudioVersion = 10.0.40219.1
Project("{FAE04EC0-301F-11D3-BF4B-00C04F79EFBC}") = "Rotation", "Rotation\Rotation.csproj", "{D8AD721B-1DAC-4471-804A-4AED94C2AB1D}"
EndProject
Project("{FAE04EC0-301F-11D3-BF4B-00C04F79EFBC}") = "UnitTestProject1", "UnitTestProject1\UnitTestProject1.csproj", "{0834C37A-645A-4AF4-AC5F-185C8DE5A991}"
EndProject
Global
	GlobalSection(SolutionConfigurationPlatforms) = preSolution
		Debug|Any CPU = Debug|Any CPU
		Release|Any CPU = Release|Any CPU
	EndGlobalSection
	GlobalSection(ProjectConfigurationPlatforms) = postSolution
		{D8AD721B-1DAC-4471-804A-4AED94C2AB1D}.Debug|Any CPU.ActiveCfg = Debug|Any CPU
		{D8AD721B-1DAC-4471-804A-4AED94C2AB1D}.Debug|Any CPU.Build.0 = Debug|Any CPU
		{D8AD721B-1DAC-4471-804A-4AED94C2AB1D}.Release|Any CPU.ActiveCfg = Release|Any CPU
		{D8AD721B-1DAC-4471-804A-4AED94C2AB1D}.Release|Any CPU.Build.0 = Release|Any CPU
		{0834C37A-645A-4AF4-AC5F-185C8DE5A991}.Debug|Any CPU.ActiveCfg = Debug|Any CPU
		{0834C37A-645A-4AF4-AC5F-185C8DE5A991}.Debug|Any CPU.Build.0 = Debug|Any CPU
		{0834C37A-645A-4AF4-AC5F-185C8DE5A991}.Release|Any CPU.ActiveCfg = Release|Any CPU
		{0834C37A-645A-4AF4-AC5F-185C8DE5A991}.Release|Any CPU.Build.0 = Release|Any CPU
	EndGlobalSection
	GlobalSection(SolutionProperties) = preSolution
		HideSolutionNode = FALSE
	EndGlobalSection
	GlobalSection(ExtensibilityGlobals) = postSolution
		SolutionGuid = {967A46CB-40E1-4408-AD2C-94E627914DA2}
	EndGlobalSection
EndGlobal
