
Microsoft Visual Studio Solution File, Format Version 12.00
# Visual Studio 15
VisualStudioVersion = 15.0.27703.2047
MinimumVisualStudioVersion = 10.0.40219.1
Project("{FAE04EC0-301F-11D3-BF4B-00C04F79EFBC}") = "10.5 Product list with dictionary", "10.5 Product list with dictionary\10.5 Product list with dictionary.csproj", "{4CA1913D-EC5D-4394-9567-7683D60214C3}"
EndProject
Global
	GlobalSection(SolutionConfigurationPlatforms) = preSolution
		Debug|Any CPU = Debug|Any CPU
		Release|Any CPU = Release|Any CPU
	EndGlobalSection
	GlobalSection(ProjectConfigurationPlatforms) = postSolution
		{4CA1913D-EC5D-4394-9567-7683D60214C3}.Debug|Any CPU.ActiveCfg = Debug|Any CPU
		{4CA1913D-EC5D-4394-9567-7683D60214C3}.Debug|Any CPU.Build.0 = Debug|Any CPU
		{4CA1913D-EC5D-4394-9567-7683D60214C3}.Release|Any CPU.ActiveCfg = Release|Any CPU
		{4CA1913D-EC5D-4394-9567-7683D60214C3}.Release|Any CPU.Build.0 = Release|Any CPU
	EndGlobalSection
	GlobalSection(SolutionProperties) = preSolution
		HideSolutionNode = FALSE
	EndGlobalSection
	GlobalSection(ExtensibilityGlobals) = postSolution
		SolutionGuid = {02DDE8AF-159A-481C-BAC9-F82B316B9AF4}
	EndGlobalSection
EndGlobal
