
Microsoft Visual Studio Solution File, Format Version 12.00
# Visual Studio 15
VisualStudioVersion = 15.0.27703.2047
MinimumVisualStudioVersion = 10.0.40219.1
Project("{FAE04EC0-301F-11D3-BF4B-00C04F79EFBC}") = "ElevatorConsoleApp", "ElevatorConsoleApp\ElevatorConsoleApp.csproj", "{D90E3158-295B-4F47-A10F-4E77B5F41544}"
EndProject
Project("{FAE04EC0-301F-11D3-BF4B-00C04F79EFBC}") = "ElevatorDomain", "ElevatorDomain\ElevatorDomain.csproj", "{030E74BA-1502-408E-A395-062748E69C59}"
EndProject
Global
	GlobalSection(SolutionConfigurationPlatforms) = preSolution
		Debug|Any CPU = Debug|Any CPU
		Release|Any CPU = Release|Any CPU
	EndGlobalSection
	GlobalSection(ProjectConfigurationPlatforms) = postSolution
		{D90E3158-295B-4F47-A10F-4E77B5F41544}.Debug|Any CPU.ActiveCfg = Debug|Any CPU
		{D90E3158-295B-4F47-A10F-4E77B5F41544}.Debug|Any CPU.Build.0 = Debug|Any CPU
		{D90E3158-295B-4F47-A10F-4E77B5F41544}.Release|Any CPU.ActiveCfg = Release|Any CPU
		{D90E3158-295B-4F47-A10F-4E77B5F41544}.Release|Any CPU.Build.0 = Release|Any CPU
		{030E74BA-1502-408E-A395-062748E69C59}.Debug|Any CPU.ActiveCfg = Debug|Any CPU
		{030E74BA-1502-408E-A395-062748E69C59}.Debug|Any CPU.Build.0 = Debug|Any CPU
		{030E74BA-1502-408E-A395-062748E69C59}.Release|Any CPU.ActiveCfg = Release|Any CPU
		{030E74BA-1502-408E-A395-062748E69C59}.Release|Any CPU.Build.0 = Release|Any CPU
	EndGlobalSection
	GlobalSection(SolutionProperties) = preSolution
		HideSolutionNode = FALSE
	EndGlobalSection
	GlobalSection(ExtensibilityGlobals) = postSolution
		SolutionGuid = {DEA7DE4D-19C7-4D15-BD12-CBA7BD4B92EF}
	EndGlobalSection
EndGlobal
