
Microsoft Visual Studio Solution File, Format Version 12.00
# Visual Studio 15
VisualStudioVersion = 15.0.27703.2047
MinimumVisualStudioVersion = 10.0.40219.1
Project("{FAE04EC0-301F-11D3-BF4B-00C04F79EFBC}") = "2.3 String creation", "2.3 String creation\2.3 String creation.csproj", "{57372171-4E3C-4A4B-8D76-086E23857C71}"
EndProject
Global
	GlobalSection(SolutionConfigurationPlatforms) = preSolution
		Debug|Any CPU = Debug|Any CPU
		Release|Any CPU = Release|Any CPU
	EndGlobalSection
	GlobalSection(ProjectConfigurationPlatforms) = postSolution
		{57372171-4E3C-4A4B-8D76-086E23857C71}.Debug|Any CPU.ActiveCfg = Debug|Any CPU
		{57372171-4E3C-4A4B-8D76-086E23857C71}.Debug|Any CPU.Build.0 = Debug|Any CPU
		{57372171-4E3C-4A4B-8D76-086E23857C71}.Release|Any CPU.ActiveCfg = Release|Any CPU
		{57372171-4E3C-4A4B-8D76-086E23857C71}.Release|Any CPU.Build.0 = Release|Any CPU
	EndGlobalSection
	GlobalSection(SolutionProperties) = preSolution
		HideSolutionNode = FALSE
	EndGlobalSection
	GlobalSection(ExtensibilityGlobals) = postSolution
		SolutionGuid = {319058F8-CF13-4A49-971A-66B452E5834F}
	EndGlobalSection
EndGlobal
