
Microsoft Visual Studio Solution File, Format Version 12.00
# Visual Studio 15
VisualStudioVersion = 15.0.27703.2047
MinimumVisualStudioVersion = 10.0.40219.1
Project("{FAE04EC0-301F-11D3-BF4B-00C04F79EFBC}") = "CheckPoint2.2(Vecka 2)", "CheckPoint2.2(Vecka 2)\CheckPoint2.2(Vecka 2).csproj", "{23EC7D5E-6BCC-4C1B-AC9A-E86C9DA66153}"
EndProject
Global
	GlobalSection(SolutionConfigurationPlatforms) = preSolution
		Debug|Any CPU = Debug|Any CPU
		Release|Any CPU = Release|Any CPU
	EndGlobalSection
	GlobalSection(ProjectConfigurationPlatforms) = postSolution
		{23EC7D5E-6BCC-4C1B-AC9A-E86C9DA66153}.Debug|Any CPU.ActiveCfg = Debug|Any CPU
		{23EC7D5E-6BCC-4C1B-AC9A-E86C9DA66153}.Debug|Any CPU.Build.0 = Debug|Any CPU
		{23EC7D5E-6BCC-4C1B-AC9A-E86C9DA66153}.Release|Any CPU.ActiveCfg = Release|Any CPU
		{23EC7D5E-6BCC-4C1B-AC9A-E86C9DA66153}.Release|Any CPU.Build.0 = Release|Any CPU
	EndGlobalSection
	GlobalSection(SolutionProperties) = preSolution
		HideSolutionNode = FALSE
	EndGlobalSection
	GlobalSection(ExtensibilityGlobals) = postSolution
		SolutionGuid = {8268DBB1-8570-4840-A7BE-3261CFC08AF8}
	EndGlobalSection
EndGlobal
