
Microsoft Visual Studio Solution File, Format Version 12.00
# Visual Studio 15
VisualStudioVersion = 15.0.27703.2047
MinimumVisualStudioVersion = 10.0.40219.1
Project("{FAE04EC0-301F-11D3-BF4B-00C04F79EFBC}") = "8.1 Dividing chocolate", "8.1 Dividing chocolate\8.1 Dividing chocolate.csproj", "{1EBF5572-00A8-4DC6-A0C7-416B93DAE3B1}"
EndProject
Global
	GlobalSection(SolutionConfigurationPlatforms) = preSolution
		Debug|Any CPU = Debug|Any CPU
		Release|Any CPU = Release|Any CPU
	EndGlobalSection
	GlobalSection(ProjectConfigurationPlatforms) = postSolution
		{1EBF5572-00A8-4DC6-A0C7-416B93DAE3B1}.Debug|Any CPU.ActiveCfg = Debug|Any CPU
		{1EBF5572-00A8-4DC6-A0C7-416B93DAE3B1}.Debug|Any CPU.Build.0 = Debug|Any CPU
		{1EBF5572-00A8-4DC6-A0C7-416B93DAE3B1}.Release|Any CPU.ActiveCfg = Release|Any CPU
		{1EBF5572-00A8-4DC6-A0C7-416B93DAE3B1}.Release|Any CPU.Build.0 = Release|Any CPU
	EndGlobalSection
	GlobalSection(SolutionProperties) = preSolution
		HideSolutionNode = FALSE
	EndGlobalSection
	GlobalSection(ExtensibilityGlobals) = postSolution
		SolutionGuid = {653C5C0C-2AA2-4A9D-B76C-2A3A94EB4083}
	EndGlobalSection
EndGlobal
